
Microsoft Visual Studio Solution File, Format Version 12.00
Project("{2150E333-8FDC-42A3-9474-1A3956D46DE8}") = "src", "src", "{96B74F43-7532-4D72-BB26-E128D880B4F9}"
EndProject
Project("{FAE04EC0-301F-11D3-BF4B-00C04F79EFBC}") = "AuctionService", "src\AuctionService\AuctionService.csproj", "{3854D6F0-7434-4C40-B788-A6EF66A20CAF}"
EndProject
Project("{FAE04EC0-301F-11D3-BF4B-00C04F79EFBC}") = "SearchService", "src\SearchService\SearchService.csproj", "{E8B366D3-C99B-43F0-936D-E72FF8C8BBBA}"
EndProject
Project("{FAE04EC0-301F-11D3-BF4B-00C04F79EFBC}") = "Contracts", "src\Contracts\Contracts.csproj", "{482E36A8-18DD-416E-A442-61833C59766F}"
EndProject
Project("{2150E333-8FDC-42A3-9474-1A3956D46DE8}") = "items_api", "items_api", "{D37C47A4-B507-44B6-8F2F-4C5B43FFF0BB}"
EndProject
Project("{FAE04EC0-301F-11D3-BF4B-00C04F79EFBC}") = "GameItems.Api", "items_api\GameItems.Api\GameItems.Api.csproj", "{93097BD4-8AF2-4B8B-BCCD-B98A19FFDADA}"
EndProject
Project("{FAE04EC0-301F-11D3-BF4B-00C04F79EFBC}") = "GameItems.Application", "items_api\GameItems.Application\GameItems.Application.csproj", "{BF6E551C-9E62-4544-8EAB-CD7238BC012E}"
EndProject
Project("{FAE04EC0-301F-11D3-BF4B-00C04F79EFBC}") = "GameItems.Core", "items_api\GameItems.Core\GameItems.Core.csproj", "{65D791C4-7A76-47C4-B048-B46A56BC4B12}"
EndProject
Project("{FAE04EC0-301F-11D3-BF4B-00C04F79EFBC}") = "GameItems.Infrastructure", "items_api\GameItems.Infrastructure\GameItems.Infrastructure.csproj", "{06C932BC-911C-4125-A011-27D5B495B44F}"
EndProject
Global
	GlobalSection(SolutionConfigurationPlatforms) = preSolution
		Debug|Any CPU = Debug|Any CPU
		Release|Any CPU = Release|Any CPU
	EndGlobalSection
	GlobalSection(ProjectConfigurationPlatforms) = postSolution
		{3854D6F0-7434-4C40-B788-A6EF66A20CAF}.Debug|Any CPU.ActiveCfg = Debug|Any CPU
		{3854D6F0-7434-4C40-B788-A6EF66A20CAF}.Debug|Any CPU.Build.0 = Debug|Any CPU
		{3854D6F0-7434-4C40-B788-A6EF66A20CAF}.Release|Any CPU.ActiveCfg = Release|Any CPU
		{3854D6F0-7434-4C40-B788-A6EF66A20CAF}.Release|Any CPU.Build.0 = Release|Any CPU
		{E8B366D3-C99B-43F0-936D-E72FF8C8BBBA}.Debug|Any CPU.ActiveCfg = Debug|Any CPU
		{E8B366D3-C99B-43F0-936D-E72FF8C8BBBA}.Debug|Any CPU.Build.0 = Debug|Any CPU
		{E8B366D3-C99B-43F0-936D-E72FF8C8BBBA}.Release|Any CPU.ActiveCfg = Release|Any CPU
		{E8B366D3-C99B-43F0-936D-E72FF8C8BBBA}.Release|Any CPU.Build.0 = Release|Any CPU
		{482E36A8-18DD-416E-A442-61833C59766F}.Debug|Any CPU.ActiveCfg = Debug|Any CPU
		{482E36A8-18DD-416E-A442-61833C59766F}.Debug|Any CPU.Build.0 = Debug|Any CPU
		{482E36A8-18DD-416E-A442-61833C59766F}.Release|Any CPU.ActiveCfg = Release|Any CPU
		{482E36A8-18DD-416E-A442-61833C59766F}.Release|Any CPU.Build.0 = Release|Any CPU
		{93097BD4-8AF2-4B8B-BCCD-B98A19FFDADA}.Debug|Any CPU.ActiveCfg = Debug|Any CPU
		{93097BD4-8AF2-4B8B-BCCD-B98A19FFDADA}.Debug|Any CPU.Build.0 = Debug|Any CPU
		{93097BD4-8AF2-4B8B-BCCD-B98A19FFDADA}.Release|Any CPU.ActiveCfg = Release|Any CPU
		{93097BD4-8AF2-4B8B-BCCD-B98A19FFDADA}.Release|Any CPU.Build.0 = Release|Any CPU
		{BF6E551C-9E62-4544-8EAB-CD7238BC012E}.Debug|Any CPU.ActiveCfg = Debug|Any CPU
		{BF6E551C-9E62-4544-8EAB-CD7238BC012E}.Debug|Any CPU.Build.0 = Debug|Any CPU
		{BF6E551C-9E62-4544-8EAB-CD7238BC012E}.Release|Any CPU.ActiveCfg = Release|Any CPU
		{BF6E551C-9E62-4544-8EAB-CD7238BC012E}.Release|Any CPU.Build.0 = Release|Any CPU
		{65D791C4-7A76-47C4-B048-B46A56BC4B12}.Debug|Any CPU.ActiveCfg = Debug|Any CPU
		{65D791C4-7A76-47C4-B048-B46A56BC4B12}.Debug|Any CPU.Build.0 = Debug|Any CPU
		{65D791C4-7A76-47C4-B048-B46A56BC4B12}.Release|Any CPU.ActiveCfg = Release|Any CPU
		{65D791C4-7A76-47C4-B048-B46A56BC4B12}.Release|Any CPU.Build.0 = Release|Any CPU
		{06C932BC-911C-4125-A011-27D5B495B44F}.Debug|Any CPU.ActiveCfg = Debug|Any CPU
		{06C932BC-911C-4125-A011-27D5B495B44F}.Debug|Any CPU.Build.0 = Debug|Any CPU
		{06C932BC-911C-4125-A011-27D5B495B44F}.Release|Any CPU.ActiveCfg = Release|Any CPU
		{06C932BC-911C-4125-A011-27D5B495B44F}.Release|Any CPU.Build.0 = Release|Any CPU
	EndGlobalSection
	GlobalSection(NestedProjects) = preSolution
		{3854D6F0-7434-4C40-B788-A6EF66A20CAF} = {96B74F43-7532-4D72-BB26-E128D880B4F9}
		{E8B366D3-C99B-43F0-936D-E72FF8C8BBBA} = {96B74F43-7532-4D72-BB26-E128D880B4F9}
		{482E36A8-18DD-416E-A442-61833C59766F} = {96B74F43-7532-4D72-BB26-E128D880B4F9}
		{93097BD4-8AF2-4B8B-BCCD-B98A19FFDADA} = {D37C47A4-B507-44B6-8F2F-4C5B43FFF0BB}
		{BF6E551C-9E62-4544-8EAB-CD7238BC012E} = {D37C47A4-B507-44B6-8F2F-4C5B43FFF0BB}
		{65D791C4-7A76-47C4-B048-B46A56BC4B12} = {D37C47A4-B507-44B6-8F2F-4C5B43FFF0BB}
		{06C932BC-911C-4125-A011-27D5B495B44F} = {D37C47A4-B507-44B6-8F2F-4C5B43FFF0BB}
	EndGlobalSection
EndGlobal
